
Microsoft Visual Studio Solution File, Format Version 12.00
# Visual Studio Version 17
VisualStudioVersion = 17.14.36203.30 d17.14
MinimumVisualStudioVersion = 10.0.40219.1
Project("{FAE04EC0-301F-11D3-BF4B-00C04F79EFBC}") = "Svrooij.BetterGraph", "Svrooij.BetterGraph\Svrooij.BetterGraph.csproj", "{A256F773-891A-4D73-BE97-A1C3BE7BE365}"
EndProject
Global
	GlobalSection(SolutionConfigurationPlatforms) = preSolution
		Debug|Any CPU = Debug|Any CPU
		Release|Any CPU = Release|Any CPU
	EndGlobalSection
	GlobalSection(ProjectConfigurationPlatforms) = postSolution
		{A256F773-891A-4D73-BE97-A1C3BE7BE365}.Debug|Any CPU.ActiveCfg = Debug|Any CPU
		{A256F773-891A-4D73-BE97-A1C3BE7BE365}.Debug|Any CPU.Build.0 = Debug|Any CPU
		{A256F773-891A-4D73-BE97-A1C3BE7BE365}.Release|Any CPU.ActiveCfg = Release|Any CPU
		{A256F773-891A-4D73-BE97-A1C3BE7BE365}.Release|Any CPU.Build.0 = Release|Any CPU
	EndGlobalSection
	GlobalSection(SolutionProperties) = preSolution
		HideSolutionNode = FALSE
	EndGlobalSection
	GlobalSection(ExtensibilityGlobals) = postSolution
		SolutionGuid = {9A2A8259-28A2-421D-A234-43D33490D4DC}
	EndGlobalSection
EndGlobal
